<?xml version="1.0" encoding="utf-8"?>
<Project ToolsVersion="4.0" xmlns="http://schemas.microsoft.com/developer/msbuild/2003">
  <ItemGroup>
    <Filter Include="MAIN">
      <UniqueIdentifier>{4FC737F1-C7A5-4376-A066-2A32D752A2FF}</UniqueIdentifier>
      <Extensions>cpp;c;cc;cxx;def;odl;idl;hpj;bat;asm;asmx</Extensions>
    </Filter>
    <Filter Include="Pliki nagłówkowe">
      <UniqueIdentifier>{3a383c0b-a36b-464c-9fed-616bd8e6bd50}</UniqueIdentifier>
    </Filter>
    <Filter Include="Semaphore">
      <UniqueIdentifier>{33e12bb0-defa-4147-a91f-b54324ce88dc}</UniqueIdentifier>
    </Filter>
    <Filter Include="Interpreter">
      <UniqueIdentifier>{a01965e8-180c-4d8d-a13b-84d6bf59523d}</UniqueIdentifier>
    </Filter>
    <Filter Include="Programs">
      <UniqueIdentifier>{aea7b007-01df-42f2-8b26-cde5eba3ab1f}</UniqueIdentifier>
    </Filter>
  </ItemGroup>
  <ItemGroup>
    <ClCompile Include="randomOS.cpp">
      <Filter>MAIN</Filter>
    </ClCompile>
    <ClCompile Include="FileMenager.cpp">
      <Filter>MAIN</Filter>
    </ClCompile>
    <ClCompile Include="Interpreter.cpp">
      <Filter>MAIN</Filter>
    </ClCompile>
    <ClCompile Include="PCB.cpp">
      <Filter>MAIN</Filter>
    </ClCompile>
    <ClCompile Include="ProcessManager.cpp">
      <Filter>MAIN</Filter>
    </ClCompile>
    <ClCompile Include="Shell.cpp">
      <Filter>MAIN</Filter>
    </ClCompile>
    <ClCompile Include="semaphore.cpp">
      <Filter>MAIN</Filter>
    </ClCompile>
    <ClCompile Include="MemoryManager.cpp">
      <Filter>MAIN</Filter>
    </ClCompile>
    <ClCompile Include="VirtualMemory.cpp">
      <Filter>MAIN</Filter>
    </ClCompile>
    <ClCompile Include="Scheduler.cpp">
      <Filter>MAIN</Filter>
    </ClCompile>
    <ClCompile Include="Page.cpp">
      <Filter>MAIN</Filter>
    </ClCompile>
    <ClCompile Include="PS">
      <Filter>Programs</Filter>
    </ClCompile>
    <ClCompile Include="CA">
      <Filter>Programs</Filter>
    </ClCompile>
  </ItemGroup>
  <ItemGroup>
    <ClCompile Include="Interpreter.cpp">
      <Filter>Interpreter</Filter>
    </ClCompile>
  </ItemGroup>
  <ItemGroup>
    <ClInclude Include="Interpreter.h">
      <Filter>Pliki nagłówkowe</Filter>
    </ClInclude>
    <ClInclude Include="ProcessManager.h">
      <Filter>Pliki nagłówkowe</Filter>
    </ClInclude>
    <ClInclude Include="PCB.h">
      <Filter>Pliki nagłówkowe</Filter>
    </ClInclude>
    <ClInclude Include="Interpreter.h">
      <Filter>Interpreter</Filter>
    </ClInclude>
    <ClInclude Include="FileMenager.h">
      <Filter>Pliki nagłówkowe</Filter>
    </ClInclude>
    <ClInclude Include="Shell.h">
      <Filter>Pliki nagłówkowe</Filter>
    </ClInclude>
    <ClInclude Include="semaphore.h">
      <Filter>Pliki nagłówkowe</Filter>
    </ClInclude>
    <ClInclude Include="Includes.h">
      <Filter>Pliki nagłówkowe</Filter>
    </ClInclude>
    <ClInclude Include="MemoryManager.h">
      <Filter>Pliki nagłówkowe</Filter>
    </ClInclude>
    <ClInclude Include="VirtualMemory.h">
      <Filter>Pliki nagłówkowe</Filter>
    </ClInclude>
    <ClInclude Include="RUNNING.h">
      <Filter>Pliki nagłówkowe</Filter>
    </ClInclude>
    <ClInclude Include="Scheduler.h">
      <Filter>Pliki nagłówkowe</Filter>
    </ClInclude>
    <ClInclude Include="Page.h">
      <Filter>Pliki nagłówkowe</Filter>
    </ClInclude>
  </ItemGroup>
  <ItemGroup>
    <None Include="DU">
      <Filter>Programs</Filter>
    </None>
  </ItemGroup>
  <ItemGroup>
    <Text Include="PN">
      <Filter>Programs</Filter>
    </Text>
  </ItemGroup>
</Project>